
Microsoft Visual Studio Solution File, Format Version 12.00
# Visual Studio Version 17
VisualStudioVersion = 17.0.31912.275
MinimumVisualStudioVersion = 10.0.40219.1
Project("{9A19103F-16F7-4668-BE54-9A1E7A4F7556}") = "pr 3 kozub 01.01", "pr 3 kozub 01.01\pr 3 kozub 01.01.csproj", "{41CFD063-B499-4E3E-8BB6-476B59663FCE}"
EndProject
Project("{FAE04EC0-301F-11D3-BF4B-00C04F79EFBC}") = "LibMas", "LibMas\LibMas.csproj", "{884D7B59-991E-47CD-BEC4-5047A0328593}"
EndProject
Project("{FAE04EC0-301F-11D3-BF4B-00C04F79EFBC}") = "Lib_3", "Lib_3\Lib_3.csproj", "{FE4A28B8-A2FE-433D-9C1B-A64E9D913E62}"
EndProject
Global
	GlobalSection(SolutionConfigurationPlatforms) = preSolution
		Debug|Any CPU = Debug|Any CPU
		Release|Any CPU = Release|Any CPU
	EndGlobalSection
	GlobalSection(ProjectConfigurationPlatforms) = postSolution
		{41CFD063-B499-4E3E-8BB6-476B59663FCE}.Debug|Any CPU.ActiveCfg = Debug|Any CPU
		{41CFD063-B499-4E3E-8BB6-476B59663FCE}.Debug|Any CPU.Build.0 = Debug|Any CPU
		{41CFD063-B499-4E3E-8BB6-476B59663FCE}.Release|Any CPU.ActiveCfg = Release|Any CPU
		{41CFD063-B499-4E3E-8BB6-476B59663FCE}.Release|Any CPU.Build.0 = Release|Any CPU
		{884D7B59-991E-47CD-BEC4-5047A0328593}.Debug|Any CPU.ActiveCfg = Debug|Any CPU
		{884D7B59-991E-47CD-BEC4-5047A0328593}.Debug|Any CPU.Build.0 = Debug|Any CPU
		{884D7B59-991E-47CD-BEC4-5047A0328593}.Release|Any CPU.ActiveCfg = Release|Any CPU
		{884D7B59-991E-47CD-BEC4-5047A0328593}.Release|Any CPU.Build.0 = Release|Any CPU
		{FE4A28B8-A2FE-433D-9C1B-A64E9D913E62}.Debug|Any CPU.ActiveCfg = Debug|Any CPU
		{FE4A28B8-A2FE-433D-9C1B-A64E9D913E62}.Debug|Any CPU.Build.0 = Debug|Any CPU
		{FE4A28B8-A2FE-433D-9C1B-A64E9D913E62}.Release|Any CPU.ActiveCfg = Release|Any CPU
		{FE4A28B8-A2FE-433D-9C1B-A64E9D913E62}.Release|Any CPU.Build.0 = Release|Any CPU
	EndGlobalSection
	GlobalSection(SolutionProperties) = preSolution
		HideSolutionNode = FALSE
	EndGlobalSection
	GlobalSection(ExtensibilityGlobals) = postSolution
		SolutionGuid = {DA61F557-0CD8-4311-895D-8FB1FF8DECD7}
	EndGlobalSection
EndGlobal
